
Microsoft Visual Studio Solution File, Format Version 12.00
# Visual Studio Version 17
VisualStudioVersion = 17.6.33815.320
MinimumVisualStudioVersion = 10.0.40219.1
Project("{FAE04EC0-301F-11D3-BF4B-00C04F79EFBC}") = "CRUD Operation", "CRUD Operation\CRUD Operation.csproj", "{978CEE53-A5E2-4097-9B67-2F74208914CB}"
EndProject
Global
	GlobalSection(SolutionConfigurationPlatforms) = preSolution
		Debug|Any CPU = Debug|Any CPU
		Release|Any CPU = Release|Any CPU
	EndGlobalSection
	GlobalSection(ProjectConfigurationPlatforms) = postSolution
		{978CEE53-A5E2-4097-9B67-2F74208914CB}.Debug|Any CPU.ActiveCfg = Debug|Any CPU
		{978CEE53-A5E2-4097-9B67-2F74208914CB}.Debug|Any CPU.Build.0 = Debug|Any CPU
		{978CEE53-A5E2-4097-9B67-2F74208914CB}.Release|Any CPU.ActiveCfg = Release|Any CPU
		{978CEE53-A5E2-4097-9B67-2F74208914CB}.Release|Any CPU.Build.0 = Release|Any CPU
	EndGlobalSection
	GlobalSection(SolutionProperties) = preSolution
		HideSolutionNode = FALSE
	EndGlobalSection
	GlobalSection(ExtensibilityGlobals) = postSolution
		SolutionGuid = {850A2620-4EA1-4AB5-8712-7BC20634E879}
	EndGlobalSection
EndGlobal
